
Microsoft Visual Studio Solution File, Format Version 12.00
# Visual Studio Version 17
VisualStudioVersion = 17.10.35201.131
MinimumVisualStudioVersion = 10.0.40219.1
Project("{FAE04EC0-301F-11D3-BF4B-00C04F79EFBC}") = "RegexEditor", "RegexEditor\RegexEditor.csproj", "{0BB6A872-0BF2-3886-0A75-9DA3908F456B}"
EndProject
Project("{FAE04EC0-301F-11D3-BF4B-00C04F79EFBC}") = "Ejercicio_3", "Ejercicio_3\Ejercicio_3.csproj", "{B3861667-12B5-48EB-9545-DFF09A6B69E5}"
EndProject
Project("{FAE04EC0-301F-11D3-BF4B-00C04F79EFBC}") = "Ejercicio_1", "Ejercicio_1\Ejercicio_1.csproj", "{70FBDC28-470D-4A39-B6F9-538A256F7C03}"
EndProject
Global
	GlobalSection(SolutionConfigurationPlatforms) = preSolution
		Debug|Any CPU = Debug|Any CPU
		Release|Any CPU = Release|Any CPU
	EndGlobalSection
	GlobalSection(ProjectConfigurationPlatforms) = postSolution
		{0BB6A872-0BF2-3886-0A75-9DA3908F456B}.Debug|Any CPU.ActiveCfg = Debug|Any CPU
		{0BB6A872-0BF2-3886-0A75-9DA3908F456B}.Debug|Any CPU.Build.0 = Debug|Any CPU
		{0BB6A872-0BF2-3886-0A75-9DA3908F456B}.Release|Any CPU.ActiveCfg = Release|Any CPU
		{0BB6A872-0BF2-3886-0A75-9DA3908F456B}.Release|Any CPU.Build.0 = Release|Any CPU
		{B3861667-12B5-48EB-9545-DFF09A6B69E5}.Debug|Any CPU.ActiveCfg = Debug|Any CPU
		{B3861667-12B5-48EB-9545-DFF09A6B69E5}.Debug|Any CPU.Build.0 = Debug|Any CPU
		{B3861667-12B5-48EB-9545-DFF09A6B69E5}.Release|Any CPU.ActiveCfg = Release|Any CPU
		{B3861667-12B5-48EB-9545-DFF09A6B69E5}.Release|Any CPU.Build.0 = Release|Any CPU
		{70FBDC28-470D-4A39-B6F9-538A256F7C03}.Debug|Any CPU.ActiveCfg = Debug|Any CPU
		{70FBDC28-470D-4A39-B6F9-538A256F7C03}.Debug|Any CPU.Build.0 = Debug|Any CPU
		{70FBDC28-470D-4A39-B6F9-538A256F7C03}.Release|Any CPU.ActiveCfg = Release|Any CPU
		{70FBDC28-470D-4A39-B6F9-538A256F7C03}.Release|Any CPU.Build.0 = Release|Any CPU
	EndGlobalSection
	GlobalSection(SolutionProperties) = preSolution
		HideSolutionNode = FALSE
	EndGlobalSection
	GlobalSection(ExtensibilityGlobals) = postSolution
		SolutionGuid = {576B5673-80EC-4784-A241-664827B0A12B}
	EndGlobalSection
EndGlobal
